# THIS IS AN AUTOGENERATED FILE. DO NOT EDIT THIS FILE DIRECTLY.
# yarn lockfile v1


cli-color@~0.1.6:
  version "0.1.7"
  resolved "https://registry.yarnpkg.com/cli-color/-/cli-color-0.1.7.tgz#adc3200fa471cc211b0da7f566b71e98b9d67347"
  integrity sha1-rcMgD6RxzCEbDaf1ZrcemLnWc0c=
  dependencies:
    es5-ext "0.8.x"

difflib@~0.2.1:
  version "0.2.4"
  resolved "https://registry.yarnpkg.com/difflib/-/difflib-0.2.4.tgz#b5e30361a6db023176d562892db85940a718f47e"
  integrity sha1-teMDYabbAjF21WKJLbhZQKcY9H4=
  dependencies:
    heap ">= 0.2.0"

dreamopt@~0.6.0:
  version "0.6.0"
  resolved "https://registry.yarnpkg.com/dreamopt/-/dreamopt-0.6.0.tgz#d813ccdac8d39d8ad526775514a13dda664d6b4b"
  integrity sha1-2BPM2sjTnYrVJndVFKE92mZNa0s=
  dependencies:
    wordwrap ">=0.0.2"

es5-ext@0.8.x:
  version "0.8.2"
  resolved "https://registry.yarnpkg.com/es5-ext/-/es5-ext-0.8.2.tgz#aba8d9e1943a895ac96837a62a39b3f55ecd94ab"
  integrity sha1-q6jZ4ZQ6iVrJaDemKjmz9V7NlKs=

"heap@>= 0.2.0":
  version "0.2.6"
  resolved "https://registry.yarnpkg.com/heap/-/heap-0.2.6.tgz#087e1f10b046932fc8594dd9e6d378afc9d1e5ac"
  integrity sha1-CH4fELBGky/IWU3Z5tN4r8nR5aw=

json-diff@^0.5.4:
  version "0.5.4"
  resolved "https://registry.yarnpkg.com/json-diff/-/json-diff-0.5.4.tgz#7bc8198c441756632aab66c7d9189d365a7a035a"
  integrity sha512-q5Xmx9QXNOzOzIlMoYtLrLiu4Jl/Ce2bn0CNcv54PhyH89CI4GWlGVDye8ei2Ijt9R3U+vsWPsXpLUNob8bs8Q==
  dependencies:
    cli-color "~0.1.6"
    difflib "~0.2.1"
    dreamopt "~0.6.0"

wordwrap@>=0.0.2:
  version "1.0.0"
  resolved "https://registry.yarnpkg.com/wordwrap/-/wordwrap-1.0.0.tgz#27584810891456a4171c8d0226441ade90cbcaeb"
  integrity sha1-J1hIEIkUVqQXHI0CJkQa3pDLyus=
